// !$*UTF8*$!
{
	archiveVersion = 1;
	classes = {
	};
	objectVersion = 46;
	objects = {

/* Begin PBXBuildFile section */
		A97CE09D19EA597A00715B31 /* AppDelegate.swift in Sources */ = {isa = PBXBuildFile; fileRef = A97CE09C19EA597A00715B31 /* AppDelegate.swift */; };
		A97CE09F19EA597A00715B31 /* ViewController.swift in Sources */ = {isa = PBXBuildFile; fileRef = A97CE09E19EA597A00715B31 /* ViewController.swift */; };
		A97CE0A219EA597A00715B31 /* Main.storyboard in Resources */ = {isa = PBXBuildFile; fileRef = A97CE0A019EA597A00715B31 /* Main.storyboard */; };
		A97CE0A419EA597A00715B31 /* Images.xcassets in Resources */ = {isa = PBXBuildFile; fileRef = A97CE0A319EA597A00715B31 /* Images.xcassets */; };
		A97CE0A719EA597A00715B31 /* LaunchScreen.xib in Resources */ = {isa = PBXBuildFile; fileRef = A97CE0A519EA597A00715B31 /* LaunchScreen.xib */; };
		A97CE0B319EA597A00715B31 /* Swift_ProtocolTests.swift in Sources */ = {isa = PBXBuildFile; fileRef = A97CE0B219EA597A00715B31 /* Swift_ProtocolTests.swift */; };
		A97CE0BD19EA59A000715B31 /* MyTimer.swift in Sources */ = {isa = PBXBuildFile; fileRef = A97CE0BC19EA59A000715B31 /* MyTimer.swift */; };
/* End PBXBuildFile section */

/* Begin PBXContainerItemProxy section */
		A97CE0AD19EA597A00715B31 /* PBXContainerItemProxy */ = {
			isa = PBXContainerItemProxy;
			containerPortal = A97CE08F19EA597A00715B31 /* Project object */;
			proxyType = 1;
			remoteGlobalIDString = A97CE09619EA597A00715B31;
			remoteInfo = "Swift-Protocol";
		};
/* End PBXContainerItemProxy section */

/* Begin PBXFileReference section */
		A97CE09719EA597A00715B31 /* Swift-Protocol.app */ = {isa = PBXFileReference; explicitFileType = wrapper.application; includeInIndex = 0; path = "Swift-Protocol.app"; sourceTree = BUILT_PRODUCTS_DIR; };
		A97CE09B19EA597A00715B31 /* Info.plist */ = {isa = PBXFileReference; lastKnownFileType = text.plist.xml; path = Info.plist; sourceTree = "<group>"; };
		A97CE09C19EA597A00715B31 /* AppDelegate.swift */ = {isa = PBXFileReference; lastKnownFileType = sourcecode.swift; path = AppDelegate.swift; sourceTree = "<group>"; };
		A97CE09E19EA597A00715B31 /* ViewController.swift */ = {isa = PBXFileReference; lastKnownFileType = sourcecode.swift; path = ViewController.swift; sourceTree = "<group>"; };
		A97CE0A119EA597A00715B31 /* Base */ = {isa = PBXFileReference; lastKnownFileType = file.storyboard; name = Base; path = Base.lproj/Main.storyboard; sourceTree = "<group>"; };
		A97CE0A319EA597A00715B31 /* Images.xcassets */ = {isa = PBXFileReference; lastKnownFileType = folder.assetcatalog; path = Images.xcassets; sourceTree = "<group>"; };
		A97CE0A619EA597A00715B31 /* Base */ = {isa = PBXFileReference; lastKnownFileType = file.xib; name = Base; path = Base.lproj/LaunchScreen.xib; sourceTree = "<group>"; };
		A97CE0AC19EA597A00715B31 /* Swift-ProtocolTests.xctest */ = {isa = PBXFileReference; explicitFileType = wrapper.cfbundle; includeInIndex = 0; path = "Swift-ProtocolTests.xctest"; sourceTree = BUILT_PRODUCTS_DIR; };
		A97CE0B119EA597A00715B31 /* Info.plist */ = {isa = PBXFileReference; lastKnownFileType = text.plist.xml; path = Info.plist; sourceTree = "<group>"; };
		A97CE0B219EA597A00715B31 /* Swift_ProtocolTests.swift */ = {isa = PBXFileReference; lastKnownFileType = sourcecode.swift; path = Swift_ProtocolTests.swift; sourceTree = "<group>"; };
		A97CE0BC19EA59A000715B31 /* MyTimer.swift */ = {isa = PBXFileReference; fileEncoding = 4; lastKnownFileType = sourcecode.swift; path = MyTimer.swift; sourceTree = "<group>"; };
/* End PBXFileReference section */

/* Begin PBXFrameworksBuildPhase section */
		A97CE09419EA597A00715B31 /* Frameworks */ = {
			isa = PBXFrameworksBuildPhase;
			buildActionMask = 2147483647;
			files = (
			);
			runOnlyForDeploymentPostprocessing = 0;
		};
		A97CE0A919EA597A00715B31 /* Frameworks */ = {
			isa = PBXFrameworksBuildPhase;
			buildActionMask = 2147483647;
			files = (
			);
			runOnlyForDeploymentPostprocessing = 0;
		};
/* End PBXFrameworksBuildPhase section */

/* Begin PBXGroup section */
		A97CE08E19EA597A00715B31 = {
			isa = PBXGroup;
			children = (
				A97CE09919EA597A00715B31 /* Swift-Protocol */,
				A97CE0AF19EA597A00715B31 /* Swift-ProtocolTests */,
				A97CE09819EA597A00715B31 /* Products */,
			);
			sourceTree = "<group>";
		};
		A97CE09819EA597A00715B31 /* Products */ = {
			isa = PBXGroup;
			children = (
				A97CE09719EA597A00715B31 /* Swift-Protocol.app */,
				A97CE0AC19EA597A00715B31 /* Swift-ProtocolTests.xctest */,
			);
			name = Products;
			sourceTree = "<group>";
		};
		A97CE09919EA597A00715B31 /* Swift-Protocol */ = {
			isa = PBXGroup;
			children = (
				A97CE09C19EA597A00715B31 /* AppDelegate.swift */,
				A97CE09E19EA597A00715B31 /* ViewController.swift */,
				A97CE0A019EA597A00715B31 /* Main.storyboard */,
				A97CE0A319EA597A00715B31 /* Images.xcassets */,
				A97CE0A519EA597A00715B31 /* LaunchScreen.xib */,
				A97CE09A19EA597A00715B31 /* Supporting Files */,
				A97CE0BC19EA59A000715B31 /* MyTimer.swift */,
			);
			path = "Swift-Protocol";
			sourceTree = "<group>";
		};
		A97CE09A19EA597A00715B31 /* Supporting Files */ = {
			isa = PBXGroup;
			children = (
				A97CE09B19EA597A00715B31 /* Info.plist */,
			);
			name = "Supporting Files";
			sourceTree = "<group>";
		};
		A97CE0AF19EA597A00715B31 /* Swift-ProtocolTests */ = {
			isa = PBXGroup;
			children = (
				A97CE0B219EA597A00715B31 /* Swift_ProtocolTests.swift */,
				A97CE0B019EA597A00715B31 /* Supporting Files */,
			);
			path = "Swift-ProtocolTests";
			sourceTree = "<group>";
		};
		A97CE0B019EA597A00715B31 /* Supporting Files */ = {
			isa = PBXGroup;
			children = (
				A97CE0B119EA597A00715B31 /* Info.plist */,
			);
			name = "Supporting Files";
			sourceTree = "<group>";
		};
/* End PBXGroup section */

/* Begin PBXNativeTarget section */
		A97CE09619EA597A00715B31 /* Swift-Protocol */ = {
			isa = PBXNativeTarget;
			buildConfigurationList = A97CE0B619EA597A00715B31 /* Build configuration list for PBXNativeTarget "Swift-Protocol" */;
			buildPhases = (
				A97CE09319EA597A00715B31 /* Sources */,
				A97CE09419EA597A00715B31 /* Frameworks */,
				A97CE09519EA597A00715B31 /* Resources */,
			);
			buildRules = (
			);
			dependencies = (
			);
			name = "Swift-Protocol";
			productName = "Swift-Protocol";
			productReference = A97CE09719EA597A00715B31 /* Swift-Protocol.app */;
			productType = "com.apple.product-type.application";
		};
		A97CE0AB19EA597A00715B31 /* Swift-ProtocolTests */ = {
			isa = PBXNativeTarget;
			buildConfigurationList = A97CE0B919EA597A00715B31 /* Build configuration list for PBXNativeTarget "Swift-ProtocolTests" */;
			buildPhases = (
				A97CE0A819EA597A00715B31 /* Sources */,
				A97CE0A919EA597A00715B31 /* Frameworks */,
				A97CE0AA19EA597A00715B31 /* Resources */,
			);
			buildRules = (
			);
			dependencies = (
				A97CE0AE19EA597A00715B31 /* PBXTargetDependency */,
			);
			name = "Swift-ProtocolTests";
			productName = "Swift-ProtocolTests";
			productReference = A97CE0AC19EA597A00715B31 /* Swift-ProtocolTests.xctest */;
			productType = "com.apple.product-type.bundle.unit-test";
		};
/* End PBXNativeTarget section */

/* Begin PBXProject section */
		A97CE08F19EA597A00715B31 /* Project object */ = {
			isa = PBXProject;
			attributes = {
				LastUpgradeCheck = 0600;
				ORGANIZATIONNAME = "Sledge Dev";
				TargetAttributes = {
					A97CE09619EA597A00715B31 = {
						CreatedOnToolsVersion = 6.0.1;
					};
					A97CE0AB19EA597A00715B31 = {
						CreatedOnToolsVersion = 6.0.1;
						TestTargetID = A97CE09619EA597A00715B31;
					};
				};
			};
			buildConfigurationList = A97CE09219EA597A00715B31 /* Build configuration list for PBXProject "Swift-Protocol" */;
			compatibilityVersion = "Xcode 3.2";
			developmentRegion = English;
			hasScannedForEncodings = 0;
			knownRegions = (
				en,
				Base,
			);
			mainGroup = A97CE08E19EA597A00715B31;
			productRefGroup = A97CE09819EA597A00715B31 /* Products */;
			projectDirPath = "";
			projectRoot = "";
			targets = (
				A97CE09619EA597A00715B31 /* Swift-Protocol */,
				A97CE0AB19EA597A00715B31 /* Swift-ProtocolTests */,
			);
		};
/* End PBXProject section */

/* Begin PBXResourcesBuildPhase section */
		A97CE09519EA597A00715B31 /* Resources */ = {
			isa = PBXResourcesBuildPhase;
			buildActionMask = 2147483647;
			files = (
				A97CE0A219EA597A00715B31 /* Main.storyboard in Resources */,
				A97CE0A719EA597A00715B31 /* LaunchScreen.xib in Resources */,
				A97CE0A419EA597A00715B31 /* Images.xcassets in Resources */,
			);
			runOnlyForDeploymentPostprocessing = 0;
		};
		A97CE0AA19EA597A00715B31 /* Resources */ = {
			isa = PBXResourcesBuildPhase;
			buildActionMask = 2147483647;
			files = (
			);
			runOnlyForDeploymentPostprocessing = 0;
		};
/* End PBXResourcesBuildPhase section */

/* Begin PBXSourcesBuildPhase section */
		A97CE09319EA597A00715B31 /* Sources */ = {
			isa = PBXSourcesBuildPhase;
			buildActionMask = 2147483647;
			files = (
				A97CE09F19EA597A00715B31 /* ViewController.swift in Sources */,
				A97CE0BD19EA59A000715B31 /* MyTimer.swift in Sources */,
				A97CE09D19EA597A00715B31 /* AppDelegate.swift in Sources */,
			);
			runOnlyForDeploymentPostprocessing = 0;
		};
		A97CE0A819EA597A00715B31 /* Sources */ = {
			isa = PBXSourcesBuildPhase;
			buildActionMask = 2147483647;
			files = (
				A97CE0B319EA597A00715B31 /* Swift_ProtocolTests.swift in Sources */,
			);
			runOnlyForDeploymentPostprocessing = 0;
		};
/* End PBXSourcesBuildPhase section */

/* Begin PBXTargetDependency section */
		A97CE0AE19EA597A00715B31 /* PBXTargetDependency */ = {
			isa = PBXTargetDependency;
			target = A97CE09619EA597A00715B31 /* Swift-Protocol */;
			targetProxy = A97CE0AD19EA597A00715B31 /* PBXContainerItemProxy */;
		};
/* End PBXTargetDependency section */

/* Begin PBXVariantGroup section */
		A97CE0A019EA597A00715B31 /* Main.storyboard */ = {
			isa = PBXVariantGroup;
			children = (
				A97CE0A119EA597A00715B31 /* Base */,
			);
			name = Main.storyboard;
			sourceTree = "<group>";
		};
		A97CE0A519EA597A00715B31 /* LaunchScreen.xib */ = {
			isa = PBXVariantGroup;
			children = (
				A97CE0A619EA597A00715B31 /* Base */,
			);
			name = LaunchScreen.xib;
			sourceTree = "<group>";
		};
/* End PBXVariantGroup section */

/* Begin XCBuildConfiguration section */
		A97CE0B419EA597A00715B31 /* Debug */ = {
			isa = XCBuildConfiguration;
			buildSettings = {
				ALWAYS_SEARCH_USER_PATHS = NO;
				CLANG_CXX_LANGUAGE_STANDARD = "gnu++0x";
				CLANG_CXX_LIBRARY = "libc++";
				CLANG_ENABLE_MODULES = YES;
				CLANG_ENABLE_OBJC_ARC = YES;
				CLANG_WARN_BOOL_CONVERSION = YES;
				CLANG_WARN_CONSTANT_CONVERSION = YES;
				CLANG_WARN_DIRECT_OBJC_ISA_USAGE = YES_ERROR;
				CLANG_WARN_EMPTY_BODY = YES;
				CLANG_WARN_ENUM_CONVERSION = YES;
				CLANG_WARN_INT_CONVERSION = YES;
				CLANG_WARN_OBJC_ROOT_CLASS = YES_ERROR;
				CLANG_WARN_UNREACHABLE_CODE = YES;
				CLANG_WARN__DUPLICATE_METHOD_MATCH = YES;
				"CODE_SIGN_IDENTITY[sdk=iphoneos*]" = "iPhone Developer";
				COPY_PHASE_STRIP = NO;
				ENABLE_STRICT_OBJC_MSGSEND = YES;
				GCC_C_LANGUAGE_STANDARD = gnu99;
				GCC_DYNAMIC_NO_PIC = NO;
				GCC_OPTIMIZATION_LEVEL = 0;
				GCC_PREPROCESSOR_DEFINITIONS = (
					"DEBUG=1",
					"$(inherited)",
				);
				GCC_SYMBOLS_PRIVATE_EXTERN = NO;
				GCC_WARN_64_TO_32_BIT_CONVERSION = YES;
				GCC_WARN_ABOUT_RETURN_TYPE = YES_ERROR;
				GCC_WARN_UNDECLARED_SELECTOR = YES;
				GCC_WARN_UNINITIALIZED_AUTOS = YES_AGGRESSIVE;
				GCC_WARN_UNUSED_FUNCTION = YES;
				GCC_WARN_UNUSED_VARIABLE = YES;
				IPHONEOS_DEPLOYMENT_TARGET = 8.0;
				MTL_ENABLE_DEBUG_INFO = YES;
				ONLY_ACTIVE_ARCH = YES;
				SDKROOT = iphoneos;
				SWIFT_OPTIMIZATION_LEVEL = "-Onone";
				TARGETED_DEVICE_FAMILY = "1,2";
			};
			name = Debug;
		};
		A97CE0B519EA597A00715B31 /* Release */ = {
			isa = XCBuildConfiguration;
			buildSettings = {
				ALWAYS_SEARCH_USER_PATHS = NO;
				CLANG_CXX_LANGUAGE_STANDARD = "gnu++0x";
				CLANG_CXX_LIBRARY = "libc++";
				CLANG_ENABLE_MODULES = YES;
				CLANG_ENABLE_OBJC_ARC = YES;
				CLANG_WARN_BOOL_CONVERSION = YES;
				CLANG_WARN_CONSTANT_CONVERSION = YES;
				CLANG_WARN_DIRECT_OBJC_ISA_USAGE = YES_ERROR;
				CLANG_WARN_EMPTY_BODY = YES;
				CLANG_WARN_ENUM_CONVERSION = YES;
				CLANG_WARN_INT_CONVERSION = YES;
				CLANG_WARN_OBJC_ROOT_CLASS = YES_ERROR;
				CLANG_WARN_UNREACHABLE_CODE = YES;
				CLANG_WARN__DUPLICATE_METHOD_MATCH = YES;
				"CODE_SIGN_IDENTITY[sdk=iphoneos*]" = "iPhone Developer";
				COPY_PHASE_STRIP = YES;
				ENABLE_NS_ASSERTIONS = NO;
				ENABLE_STRICT_OBJC_MSGSEND = YES;
				GCC_C_LANGUAGE_STANDARD = gnu99;
				GCC_WARN_64_TO_32_BIT_CONVERSION = YES;
				GCC_WARN_ABOUT_RETURN_TYPE = YES_ERROR;
				GCC_WARN_UNDECLARED_SELECTOR = YES;
				GCC_WARN_UNINITIALIZED_AUTOS = YES_AGGRESSIVE;
				GCC_WARN_UNUSED_FUNCTION = YES;
				GCC_WARN_UNUSED_VARIABLE = YES;
				IPHONEOS_DEPLOYMENT_TARGET = 8.0;
				MTL_ENABLE_DEBUG_INFO = NO;
				SDKROOT = iphoneos;
				TARGETED_DEVICE_FAMILY = "1,2";
				VALIDATE_PRODUCT = YES;
			};
			name = Release;
		};
		A97CE0B719EA597A00715B31 /* Debug */ = {
			isa = XCBuildConfiguration;
			buildSettings = {
				ASSETCATALOG_COMPILER_APPICON_NAME = AppIcon;
				INFOPLIST_FILE = "Swift-Protocol/Info.plist";
				LD_RUNPATH_SEARCH_PATHS = "$(inherited) @executable_path/Frameworks";
				PRODUCT_NAME = "$(TARGET_NAME)";
			};
			name = Debug;
		};
		A97CE0B819EA597A00715B31 /* Release */ = {
			isa = XCBuildConfiguration;
			buildSettings = {
				ASSETCATALOG_COMPILER_APPICON_NAME = AppIcon;
				INFOPLIST_FILE = "Swift-Protocol/Info.plist";
				LD_RUNPATH_SEARCH_PATHS = "$(inherited) @executable_path/Frameworks";
				PRODUCT_NAME = "$(TARGET_NAME)";
			};
			name = Release;
		};
		A97CE0BA19EA597A00715B31 /* Debug */ = {
			isa = XCBuildConfiguration;
			buildSettings = {
				BUNDLE_LOADER = "$(TEST_HOST)";
				FRAMEWORK_SEARCH_PATHS = (
					"$(SDKROOT)/Developer/Library/Frameworks",
					"$(inherited)",
				);
				GCC_PREPROCESSOR_DEFINITIONS = (
					"DEBUG=1",
					"$(inherited)",
				);
				INFOPLIST_FILE = "Swift-ProtocolTests/Info.plist";
				LD_RUNPATH_SEARCH_PATHS = "$(inherited) @executable_path/Frameworks @loader_path/Frameworks";
				PRODUCT_NAME = "$(TARGET_NAME)";
				TEST_HOST = "$(BUILT_PRODUCTS_DIR)/Swift-Protocol.app/Swift-Protocol";
			};
			name = Debug;
		};
		A97CE0BB19EA597A00715B31 /* Release */ = {
			isa = XCBuildConfiguration;
			buildSettings = {
				BUNDLE_LOADER = "$(TEST_HOST)";
				FRAMEWORK_SEARCH_PATHS = (
					"$(SDKROOT)/Developer/Library/Frameworks",
					"$(inherited)",
				);
				INFOPLIST_FILE = "Swift-ProtocolTests/Info.plist";
				LD_RUNPATH_SEARCH_PATHS = "$(inherited) @executable_path/Frameworks @loader_path/Frameworks";
				PRODUCT_NAME = "$(TARGET_NAME)";
				TEST_HOST = "$(BUILT_PRODUCTS_DIR)/Swift-Protocol.app/Swift-Protocol";
			};
			name = Release;
		};
/* End XCBuildConfiguration section */

/* Begin XCConfigurationList section */
		A97CE09219EA597A00715B31 /* Build configuration list for PBXProject "Swift-Protocol" */ = {
			isa = XCConfigurationList;
			buildConfigurations = (
				A97CE0B419EA597A00715B31 /* Debug */,
				A97CE0B519EA597A00715B31 /* Release */,
			);
			defaultConfigurationIsVisible = 0;
			defaultConfigurationName = Release;
		};
		A97CE0B619EA597A00715B31 /* Build configuration list for PBXNativeTarget "Swift-Protocol" */ = {
			isa = XCConfigurationList;
			buildConfigurations = (
				A97CE0B719EA597A00715B31 /* Debug */,
				A97CE0B819EA597A00715B31 /* Release */,
			);
			defaultConfigurationIsVisible = 0;
		};
		A97CE0B919EA597A00715B31 /* Build configuration list for PBXNativeTarget "Swift-ProtocolTests" */ = {
			isa = XCConfigurationList;
			buildConfigurations = (
				A97CE0BA19EA597A00715B31 /* Debug */,
				A97CE0BB19EA597A00715B31 /* Release */,
			);
			defaultConfigurationIsVisible = 0;
		};
/* End XCConfigurationList section */
	};
	rootObject = A97CE08F19EA597A00715B31 /* Project object */;
}
